// !$*UTF8*$!
{
	archiveVersion = 1;
	classes = {
	};
	objectVersion = 46;
	objects = {

/* Begin PBXBuildFile section */
		1D9139EA1E5E428000361375 /* AppDelegate.swift in Sources */ = {isa = PBXBuildFile; fileRef = 1D9139E91E5E428000361375 /* AppDelegate.swift */; };
		1D9139EC1E5E428000361375 /* ViewController.swift in Sources */ = {isa = PBXBuildFile; fileRef = 1D9139EB1E5E428000361375 /* ViewController.swift */; };
		1D9139EF1E5E428000361375 /* Main.storyboard in Resources */ = {isa = PBXBuildFile; fileRef = 1D9139ED1E5E428000361375 /* Main.storyboard */; };
		1D9139F11E5E428000361375 /* Assets.xcassets in Resources */ = {isa = PBXBuildFile; fileRef = 1D9139F01E5E428000361375 /* Assets.xcassets */; };
		1D9139F41E5E428000361375 /* LaunchScreen.storyboard in Resources */ = {isa = PBXBuildFile; fileRef = 1D9139F21E5E428000361375 /* LaunchScreen.storyboard */; };
		1D9139FC1E5E557100361375 /* luca-bravo-24241.jpg in Resources */ = {isa = PBXBuildFile; fileRef = 1D9139FB1E5E557100361375 /* luca-bravo-24241.jpg */; };
/* End PBXBuildFile section */

/* Begin PBXFileReference section */
		1D9139E61E5E428000361375 /* Whats The Weather.app */ = {isa = PBXFileReference; explicitFileType = wrapper.application; includeInIndex = 0; path = "Whats The Weather.app"; sourceTree = BUILT_PRODUCTS_DIR; };
		1D9139E91E5E428000361375 /* AppDelegate.swift */ = {isa = PBXFileReference; lastKnownFileType = sourcecode.swift; path = AppDelegate.swift; sourceTree = "<group>"; };
		1D9139EB1E5E428000361375 /* ViewController.swift */ = {isa = PBXFileReference; lastKnownFileType = sourcecode.swift; path = ViewController.swift; sourceTree = "<group>"; };
		1D9139EE1E5E428000361375 /* Base */ = {isa = PBXFileReference; lastKnownFileType = file.storyboard; name = Base; path = Base.lproj/Main.storyboard; sourceTree = "<group>"; };
		1D9139F01E5E428000361375 /* Assets.xcassets */ = {isa = PBXFileReference; lastKnownFileType = folder.assetcatalog; path = Assets.xcassets; sourceTree = "<group>"; };
		1D9139F31E5E428000361375 /* Base */ = {isa = PBXFileReference; lastKnownFileType = file.storyboard; name = Base; path = Base.lproj/LaunchScreen.storyboard; sourceTree = "<group>"; };
		1D9139F51E5E428000361375 /* Info.plist */ = {isa = PBXFileReference; lastKnownFileType = text.plist.xml; path = Info.plist; sourceTree = "<group>"; };
		1D9139FB1E5E557100361375 /* luca-bravo-24241.jpg */ = {isa = PBXFileReference; lastKnownFileType = image.jpeg; path = "luca-bravo-24241.jpg"; sourceTree = "<group>"; };
/* End PBXFileReference section */

/* Begin PBXFrameworksBuildPhase section */
		1D9139E31E5E427F00361375 /* Frameworks */ = {
			isa = PBXFrameworksBuildPhase;
			buildActionMask = 2147483647;
			files = (
			);
			runOnlyForDeploymentPostprocessing = 0;
		};
/* End PBXFrameworksBuildPhase section */

/* Begin PBXGroup section */
		1D9139DD1E5E427F00361375 = {
			isa = PBXGroup;
			children = (
				1D9139E81E5E428000361375 /* Whats The Weather */,
				1D9139E71E5E428000361375 /* Products */,
			);
			sourceTree = "<group>";
		};
		1D9139E71E5E428000361375 /* Products */ = {
			isa = PBXGroup;
			children = (
				1D9139E61E5E428000361375 /* Whats The Weather.app */,
			);
			name = Products;
			sourceTree = "<group>";
		};
		1D9139E81E5E428000361375 /* Whats The Weather */ = {
			isa = PBXGroup;
			children = (
				1D9139E91E5E428000361375 /* AppDelegate.swift */,
				1D9139FB1E5E557100361375 /* luca-bravo-24241.jpg */,
				1D9139EB1E5E428000361375 /* ViewController.swift */,
				1D9139ED1E5E428000361375 /* Main.storyboard */,
				1D9139F01E5E428000361375 /* Assets.xcassets */,
				1D9139F21E5E428000361375 /* LaunchScreen.storyboard */,
				1D9139F51E5E428000361375 /* Info.plist */,
			);
			path = "Whats The Weather";
			sourceTree = "<group>";
		};
/* End PBXGroup section */

/* Begin PBXNativeTarget section */
		1D9139E51E5E427F00361375 /* Whats The Weather */ = {
			isa = PBXNativeTarget;
			buildConfigurationList = 1D9139F81E5E428000361375 /* Build configuration list for PBXNativeTarget "Whats The Weather" */;
			buildPhases = (
				1D9139E21E5E427F00361375 /* Sources */,
				1D9139E31E5E427F00361375 /* Frameworks */,
				1D9139E41E5E427F00361375 /* Resources */,
			);
			buildRules = (
			);
			dependencies = (
			);
			name = "Whats The Weather";
			productName = "Whats The Weather";
			productReference = 1D9139E61E5E428000361375 /* Whats The Weather.app */;
			productType = "com.apple.product-type.application";
		};
/* End PBXNativeTarget section */

/* Begin PBXProject section */
		1D9139DE1E5E427F00361375 /* Project object */ = {
			isa = PBXProject;
			attributes = {
				LastSwiftUpdateCheck = 0820;
				LastUpgradeCheck = 0820;
				ORGANIZATIONNAME = Kevinvle;
				TargetAttributes = {
					1D9139E51E5E427F00361375 = {
						CreatedOnToolsVersion = 8.2.1;
						ProvisioningStyle = Automatic;
					};
				};
			};
			buildConfigurationList = 1D9139E11E5E427F00361375 /* Build configuration list for PBXProject "Whats The Weather" */;
			compatibilityVersion = "Xcode 3.2";
			developmentRegion = English;
			hasScannedForEncodings = 0;
			knownRegions = (
				en,
				Base,
			);
			mainGroup = 1D9139DD1E5E427F00361375;
			productRefGroup = 1D9139E71E5E428000361375 /* Products */;
			projectDirPath = "";
			projectRoot = "";
			targets = (
				1D9139E51E5E427F00361375 /* Whats The Weather */,
			);
		};
/* End PBXProject section */

/* Begin PBXResourcesBuildPhase section */
		1D9139E41E5E427F00361375 /* Resources */ = {
			isa = PBXResourcesBuildPhase;
			buildActionMask = 2147483647;
			files = (
				1D9139F41E5E428000361375 /* LaunchScreen.storyboard in Resources */,
				1D9139FC1E5E557100361375 /* luca-bravo-24241.jpg in Resources */,
				1D9139F11E5E428000361375 /* Assets.xcassets in Resources */,
				1D9139EF1E5E428000361375 /* Main.storyboard in Resources */,
			);
			runOnlyForDeploymentPostprocessing = 0;
		};
/* End PBXResourcesBuildPhase section */

/* Begin PBXSourcesBuildPhase section */
		1D9139E21E5E427F00361375 /* Sources */ = {
			isa = PBXSourcesBuildPhase;
			buildActionMask = 2147483647;
			files = (
				1D9139EC1E5E428000361375 /* ViewController.swift in Sources */,
				1D9139EA1E5E428000361375 /* AppDelegate.swift in Sources */,
			);
			runOnlyForDeploymentPostprocessing = 0;
		};
/* End PBXSourcesBuildPhase section */

/* Begin PBXVariantGroup section */
		1D9139ED1E5E428000361375 /* Main.storyboard */ = {
			isa = PBXVariantGroup;
			children = (
				1D9139EE1E5E428000361375 /* Base */,
			);
			name = Main.storyboard;
			sourceTree = "<group>";
		};
		1D9139F21E5E428000361375 /* LaunchScreen.storyboard */ = {
			isa = PBXVariantGroup;
			children = (
				1D9139F31E5E428000361375 /* Base */,
			);
			name = LaunchScreen.storyboard;
			sourceTree = "<group>";
		};
/* End PBXVariantGroup section */

/* Begin XCBuildConfiguration section */
		1D9139F61E5E428000361375 /* Debug */ = {
			isa = XCBuildConfiguration;
			buildSettings = {
				ALWAYS_SEARCH_USER_PATHS = NO;
				CLANG_ANALYZER_NONNULL = YES;
				CLANG_CXX_LANGUAGE_STANDARD = "gnu++0x";
				CLANG_CXX_LIBRARY = "libc++";
				CLANG_ENABLE_MODULES = YES;
				CLANG_ENABLE_OBJC_ARC = YES;
				CLANG_WARN_BOOL_CONVERSION = YES;
				CLANG_WARN_CONSTANT_CONVERSION = YES;
				CLANG_WARN_DIRECT_OBJC_ISA_USAGE = YES_ERROR;
				CLANG_WARN_DOCUMENTATION_COMMENTS = YES;
				CLANG_WARN_EMPTY_BODY = YES;
				CLANG_WARN_ENUM_CONVERSION = YES;
				CLANG_WARN_INFINITE_RECURSION = YES;
				CLANG_WARN_INT_CONVERSION = YES;
				CLANG_WARN_OBJC_ROOT_CLASS = YES_ERROR;
				CLANG_WARN_SUSPICIOUS_MOVE = YES;
				CLANG_WARN_UNREACHABLE_CODE = YES;
				CLANG_WARN__DUPLICATE_METHOD_MATCH = YES;
				"CODE_SIGN_IDENTITY[sdk=iphoneos*]" = "iPhone Developer";
				COPY_PHASE_STRIP = NO;
				DEBUG_INFORMATION_FORMAT = dwarf;
				ENABLE_STRICT_OBJC_MSGSEND = YES;
				ENABLE_TESTABILITY = YES;
				GCC_C_LANGUAGE_STANDARD = gnu99;
				GCC_DYNAMIC_NO_PIC = NO;
				GCC_NO_COMMON_BLOCKS = YES;
				GCC_OPTIMIZATION_LEVEL = 0;
				GCC_PREPROCESSOR_DEFINITIONS = (
					"DEBUG=1",
					"$(inherited)",
				);
				GCC_WARN_64_TO_32_BIT_CONVERSION = YES;
				GCC_WARN_ABOUT_RETURN_TYPE = YES_ERROR;
				GCC_WARN_UNDECLARED_SELECTOR = YES;
				GCC_WARN_UNINITIALIZED_AUTOS = YES_AGGRESSIVE;
				GCC_WARN_UNUSED_FUNCTION = YES;
				GCC_WARN_UNUSED_VARIABLE = YES;
				IPHONEOS_DEPLOYMENT_TARGET = 10.2;
				MTL_ENABLE_DEBUG_INFO = YES;
				ONLY_ACTIVE_ARCH = YES;
				SDKROOT = iphoneos;
				SWIFT_ACTIVE_COMPILATION_CONDITIONS = DEBUG;
				SWIFT_OPTIMIZATION_LEVEL = "-Onone";
			};
			name = Debug;
		};
		1D9139F71E5E428000361375 /* Release */ = {
			isa = XCBuildConfiguration;
			buildSettings = {
				ALWAYS_SEARCH_USER_PATHS = NO;
				CLANG_ANALYZER_NONNULL = YES;
				CLANG_CXX_LANGUAGE_STANDARD = "gnu++0x";
				CLANG_CXX_LIBRARY = "libc++";
				CLANG_ENABLE_MODULES = YES;
				CLANG_ENABLE_OBJC_ARC = YES;
				CLANG_WARN_BOOL_CONVERSION = YES;
				CLANG_WARN_CONSTANT_CONVERSION = YES;
				CLANG_WARN_DIRECT_OBJC_ISA_USAGE = YES_ERROR;
				CLANG_WARN_DOCUMENTATION_COMMENTS = YES;
				CLANG_WARN_EMPTY_BODY = YES;
				CLANG_WARN_ENUM_CONVERSION = YES;
				CLANG_WARN_INFINITE_RECURSION = YES;
				CLANG_WARN_INT_CONVERSION = YES;
				CLANG_WARN_OBJC_ROOT_CLASS = YES_ERROR;
				CLANG_WARN_SUSPICIOUS_MOVE = YES;
				CLANG_WARN_UNREACHABLE_CODE = YES;
				CLANG_WARN__DUPLICATE_METHOD_MATCH = YES;
				"CODE_SIGN_IDENTITY[sdk=iphoneos*]" = "iPhone Developer";
				COPY_PHASE_STRIP = NO;
				DEBUG_INFORMATION_FORMAT = "dwarf-with-dsym";
				ENABLE_NS_ASSERTIONS = NO;
				ENABLE_STRICT_OBJC_MSGSEND = YES;
				GCC_C_LANGUAGE_STANDARD = gnu99;
				GCC_NO_COMMON_BLOCKS = YES;
				GCC_WARN_64_TO_32_BIT_CONVERSION = YES;
				GCC_WARN_ABOUT_RETURN_TYPE = YES_ERROR;
				GCC_WARN_UNDECLARED_SELECTOR = YES;
				GCC_WARN_UNINITIALIZED_AUTOS = YES_AGGRESSIVE;
				GCC_WARN_UNUSED_FUNCTION = YES;
				GCC_WARN_UNUSED_VARIABLE = YES;
				IPHONEOS_DEPLOYMENT_TARGET = 10.2;
				MTL_ENABLE_DEBUG_INFO = NO;
				SDKROOT = iphoneos;
				SWIFT_OPTIMIZATION_LEVEL = "-Owholemodule";
				VALIDATE_PRODUCT = YES;
			};
			name = Release;
		};
		1D9139F91E5E428000361375 /* Debug */ = {
			isa = XCBuildConfiguration;
			buildSettings = {
				ASSETCATALOG_COMPILER_APPICON_NAME = AppIcon;
				INFOPLIST_FILE = "Whats The Weather/Info.plist";
				LD_RUNPATH_SEARCH_PATHS = "$(inherited) @executable_path/Frameworks";
				PRODUCT_BUNDLE_IDENTIFIER = "com.kevinvle.Whats-The-Weather";
				PRODUCT_NAME = "$(TARGET_NAME)";
				SWIFT_VERSION = 3.0;
			};
			name = Debug;
		};
		1D9139FA1E5E428000361375 /* Release */ = {
			isa = XCBuildConfiguration;
			buildSettings = {
				ASSETCATALOG_COMPILER_APPICON_NAME = AppIcon;
				INFOPLIST_FILE = "Whats The Weather/Info.plist";
				LD_RUNPATH_SEARCH_PATHS = "$(inherited) @executable_path/Frameworks";
				PRODUCT_BUNDLE_IDENTIFIER = "com.kevinvle.Whats-The-Weather";
				PRODUCT_NAME = "$(TARGET_NAME)";
				SWIFT_VERSION = 3.0;
			};
			name = Release;
		};
/* End XCBuildConfiguration section */

/* Begin XCConfigurationList section */
		1D9139E11E5E427F00361375 /* Build configuration list for PBXProject "Whats The Weather" */ = {
			isa = XCConfigurationList;
			buildConfigurations = (
				1D9139F61E5E428000361375 /* Debug */,
				1D9139F71E5E428000361375 /* Release */,
			);
			defaultConfigurationIsVisible = 0;
			defaultConfigurationName = Release;
		};
		1D9139F81E5E428000361375 /* Build configuration list for PBXNativeTarget "Whats The Weather" */ = {
			isa = XCConfigurationList;
			buildConfigurations = (
				1D9139F91E5E428000361375 /* Debug */,
				1D9139FA1E5E428000361375 /* Release */,
			);
			defaultConfigurationIsVisible = 0;
		};
/* End XCConfigurationList section */
	};
	rootObject = 1D9139DE1E5E427F00361375 /* Project object */;
}
